
Microsoft Visual Studio Solution File, Format Version 12.00
# Visual Studio Version 16
VisualStudioVersion = 16.0.30804.86
MinimumVisualStudioVersion = 10.0.40219.1
Project("{FAE04EC0-301F-11D3-BF4B-00C04F79EFBC}") = "ApiProducto", "ApiProducto\ApiProducto.csproj", "{D89DA558-AB9A-4A6C-80C7-16467FBD4E18}"
EndProject
Project("{FAE04EC0-301F-11D3-BF4B-00C04F79EFBC}") = "ApiProducto.Tests", "ApiProducto.Tests\ApiProducto.Tests.csproj", "{393054EF-1CC1-45B2-A7C4-F011C484DB98}"
EndProject
Global
	GlobalSection(SolutionConfigurationPlatforms) = preSolution
		Debug|Any CPU = Debug|Any CPU
		Release|Any CPU = Release|Any CPU
	EndGlobalSection
	GlobalSection(ProjectConfigurationPlatforms) = postSolution
		{D89DA558-AB9A-4A6C-80C7-16467FBD4E18}.Debug|Any CPU.ActiveCfg = Debug|Any CPU
		{D89DA558-AB9A-4A6C-80C7-16467FBD4E18}.Debug|Any CPU.Build.0 = Debug|Any CPU
		{D89DA558-AB9A-4A6C-80C7-16467FBD4E18}.Release|Any CPU.ActiveCfg = Release|Any CPU
		{D89DA558-AB9A-4A6C-80C7-16467FBD4E18}.Release|Any CPU.Build.0 = Release|Any CPU
		{393054EF-1CC1-45B2-A7C4-F011C484DB98}.Debug|Any CPU.ActiveCfg = Debug|Any CPU
		{393054EF-1CC1-45B2-A7C4-F011C484DB98}.Debug|Any CPU.Build.0 = Debug|Any CPU
		{393054EF-1CC1-45B2-A7C4-F011C484DB98}.Release|Any CPU.ActiveCfg = Release|Any CPU
		{393054EF-1CC1-45B2-A7C4-F011C484DB98}.Release|Any CPU.Build.0 = Release|Any CPU
	EndGlobalSection
	GlobalSection(SolutionProperties) = preSolution
		HideSolutionNode = FALSE
	EndGlobalSection
	GlobalSection(ExtensibilityGlobals) = postSolution
		SolutionGuid = {1EE3D905-A1DF-49F9-9956-1A011CF0CC33}
	EndGlobalSection
EndGlobal
