
Microsoft Visual Studio Solution File, Format Version 12.00
# Visual Studio Version 16
VisualStudioVersion = 16.0.30804.86
MinimumVisualStudioVersion = 10.0.40219.1
Project("{FAE04EC0-301F-11D3-BF4B-00C04F79EFBC}") = "WebProducto", "..\WebProducto\WebProducto.csproj", "{DF383FD2-1151-48D8-AC96-43892E761061}"
EndProject
Project("{FAE04EC0-301F-11D3-BF4B-00C04F79EFBC}") = "WebProducto.Tests", "WebProducto.Tests\WebProducto.Tests.csproj", "{5192FD3D-F7AE-4E72-9D8C-E934D8B09F62}"
EndProject
Global
	GlobalSection(SolutionConfigurationPlatforms) = preSolution
		Debug|Any CPU = Debug|Any CPU
		Release|Any CPU = Release|Any CPU
	EndGlobalSection
	GlobalSection(ProjectConfigurationPlatforms) = postSolution
		{DF383FD2-1151-48D8-AC96-43892E761061}.Debug|Any CPU.ActiveCfg = Debug|Any CPU
		{DF383FD2-1151-48D8-AC96-43892E761061}.Debug|Any CPU.Build.0 = Debug|Any CPU
		{DF383FD2-1151-48D8-AC96-43892E761061}.Release|Any CPU.ActiveCfg = Release|Any CPU
		{DF383FD2-1151-48D8-AC96-43892E761061}.Release|Any CPU.Build.0 = Release|Any CPU
		{5192FD3D-F7AE-4E72-9D8C-E934D8B09F62}.Debug|Any CPU.ActiveCfg = Debug|Any CPU
		{5192FD3D-F7AE-4E72-9D8C-E934D8B09F62}.Debug|Any CPU.Build.0 = Debug|Any CPU
		{5192FD3D-F7AE-4E72-9D8C-E934D8B09F62}.Release|Any CPU.ActiveCfg = Release|Any CPU
		{5192FD3D-F7AE-4E72-9D8C-E934D8B09F62}.Release|Any CPU.Build.0 = Release|Any CPU
	EndGlobalSection
	GlobalSection(SolutionProperties) = preSolution
		HideSolutionNode = FALSE
	EndGlobalSection
	GlobalSection(ExtensibilityGlobals) = postSolution
		SolutionGuid = {1EE3D905-A1DF-49F9-9956-1A011CF0CC33}
	EndGlobalSection
EndGlobal
